
Microsoft Visual Studio Solution File, Format Version 12.00
# Visual Studio Version 17
VisualStudioVersion = 17.4.33213.308
MinimumVisualStudioVersion = 10.0.40219.1
Project("{9A19103F-16F7-4668-BE54-9A1E7A4F7556}") = "Catalog.API", "Services\Catalog\Catalog.API\Catalog.API.csproj", "{E40BEE92-9E3B-4C28-8D67-C7C8C3651B12}"
EndProject
Project("{9A19103F-16F7-4668-BE54-9A1E7A4F7556}") = "Basket.API", "Services\Basket\Basket.API\Basket.API.csproj", "{6C2E4BEA-EDC4-42F1-BA05-B7ECC0E1D02A}"
EndProject
Project("{9A19103F-16F7-4668-BE54-9A1E7A4F7556}") = "Discount.API", "Services\Discount\Discount.API\Discount.API.csproj", "{7F563A43-72E7-43E0-9A12-2FF847E817D1}"
EndProject
Project("{2150E333-8FDC-42A3-9474-1A3956D46DE8}") = "gitignore", "gitignore", "{55BF87AF-108B-4798-87F8-E50EC347201D}"
	ProjectSection(SolutionItems) = preProject
		..\.gitignore = ..\.gitignore
	EndProjectSection
EndProject
Project("{E53339B2-1760-4266-BCC7-CA923CBCF16C}") = "docker-compose", "docker-compose.dcproj", "{2B7A0948-87CC-45DB-A228-0568EC7E2AD5}"
EndProject
Project("{9A19103F-16F7-4668-BE54-9A1E7A4F7556}") = "Catalog.API.Test", "Tests\Catalog.API.Test\Catalog.API.Test.csproj", "{236D0026-94B3-4FD3-BC8C-5C34A79E0559}"
EndProject
Project("{9A19103F-16F7-4668-BE54-9A1E7A4F7556}") = "Discount.GRPC", "Services\Discount\Discount.GRPC\Discount.GRPC.csproj", "{26B07A74-3BF3-405B-B125-70CE81817230}"
EndProject
Project("{2150E333-8FDC-42A3-9474-1A3956D46DE8}") = "Basket", "Basket", "{431C6152-A548-4B32-9AD0-41DE917A182A}"
EndProject
Project("{2150E333-8FDC-42A3-9474-1A3956D46DE8}") = "Catalog", "Catalog", "{08A21FFA-B0FD-4A6F-8FB1-08A6EEE35486}"
EndProject
Project("{2150E333-8FDC-42A3-9474-1A3956D46DE8}") = "Discount", "Discount", "{12846F80-B1F1-4C24-A745-FC1108DACDBC}"
EndProject
Project("{2150E333-8FDC-42A3-9474-1A3956D46DE8}") = "Ordering", "Ordering", "{578A4E33-520F-4E52-BFEA-48C5C069496A}"
EndProject
Project("{FAE04EC0-301F-11D3-BF4B-00C04F79EFBC}") = "Ordering.API", "Services\Ordering\Ordering.API\Ordering.API.csproj", "{610168DA-9224-4860-8145-CB19BD70840F}"
EndProject
Project("{FAE04EC0-301F-11D3-BF4B-00C04F79EFBC}") = "Ordering.Domain", "Services\Ordering\Ordering.Domain\Ordering.Domain.csproj", "{58111785-98F0-43AC-A956-7CDD2E52501D}"
EndProject
Project("{FAE04EC0-301F-11D3-BF4B-00C04F79EFBC}") = "Ordering.Application", "Services\Ordering\Ordering.Application\Ordering.Application.csproj", "{8BA8733F-828A-4322-B4B4-E6A85BBF342A}"
EndProject
Project("{FAE04EC0-301F-11D3-BF4B-00C04F79EFBC}") = "Ordering.Infrastructure", "Services\Ordering\Ordering.Infrastructure\Ordering.Infrastructure.csproj", "{68A52B97-23E8-4089-A7E1-8740FDD75438}"
EndProject
Project("{2150E333-8FDC-42A3-9474-1A3956D46DE8}") = "Services", "Services", "{C162AE47-586F-409A-AE75-2B5EF6E5120F}"
EndProject
Project("{2150E333-8FDC-42A3-9474-1A3956D46DE8}") = "BuildingBlocks", "BuildingBlocks", "{37DFAB08-A423-4F67-8AB1-5C5D8437CB32}"
EndProject
Project("{FAE04EC0-301F-11D3-BF4B-00C04F79EFBC}") = "EventBus.Message", "BuildingBlocks\EventBus.Message\EventBus.Message.csproj", "{3208D064-8E8E-46A5-B67C-136A005D9C6D}"
EndProject
Project("{FAE04EC0-301F-11D3-BF4B-00C04F79EFBC}") = "Basket.API.Test", "Tests\Basket.API.Test\Basket.API.Test.csproj", "{CD2C5253-B873-4AFE-91BA-DDAC68E225F1}"
EndProject
Project("{2150E333-8FDC-42A3-9474-1A3956D46DE8}") = "ApiGateways", "ApiGateways", "{A6467348-D1A7-4B8E-9817-C2C35EA2A21D}"
EndProject
Project("{FAE04EC0-301F-11D3-BF4B-00C04F79EFBC}") = "OcelotApiGateway", "ApiGateways\OcelotApiGateway\OcelotApiGateway.csproj", "{CE387490-B87A-423E-81D8-0313C29E3B1B}"
EndProject
Global
	GlobalSection(SolutionConfigurationPlatforms) = preSolution
		Debug|Any CPU = Debug|Any CPU
		Release|Any CPU = Release|Any CPU
	EndGlobalSection
	GlobalSection(ProjectConfigurationPlatforms) = postSolution
		{E40BEE92-9E3B-4C28-8D67-C7C8C3651B12}.Debug|Any CPU.ActiveCfg = Debug|Any CPU
		{E40BEE92-9E3B-4C28-8D67-C7C8C3651B12}.Debug|Any CPU.Build.0 = Debug|Any CPU
		{E40BEE92-9E3B-4C28-8D67-C7C8C3651B12}.Release|Any CPU.ActiveCfg = Release|Any CPU
		{E40BEE92-9E3B-4C28-8D67-C7C8C3651B12}.Release|Any CPU.Build.0 = Release|Any CPU
		{6C2E4BEA-EDC4-42F1-BA05-B7ECC0E1D02A}.Debug|Any CPU.ActiveCfg = Debug|Any CPU
		{6C2E4BEA-EDC4-42F1-BA05-B7ECC0E1D02A}.Debug|Any CPU.Build.0 = Debug|Any CPU
		{6C2E4BEA-EDC4-42F1-BA05-B7ECC0E1D02A}.Release|Any CPU.ActiveCfg = Release|Any CPU
		{6C2E4BEA-EDC4-42F1-BA05-B7ECC0E1D02A}.Release|Any CPU.Build.0 = Release|Any CPU
		{7F563A43-72E7-43E0-9A12-2FF847E817D1}.Debug|Any CPU.ActiveCfg = Debug|Any CPU
		{7F563A43-72E7-43E0-9A12-2FF847E817D1}.Debug|Any CPU.Build.0 = Debug|Any CPU
		{7F563A43-72E7-43E0-9A12-2FF847E817D1}.Release|Any CPU.ActiveCfg = Release|Any CPU
		{7F563A43-72E7-43E0-9A12-2FF847E817D1}.Release|Any CPU.Build.0 = Release|Any CPU
		{2B7A0948-87CC-45DB-A228-0568EC7E2AD5}.Debug|Any CPU.ActiveCfg = Debug|Any CPU
		{2B7A0948-87CC-45DB-A228-0568EC7E2AD5}.Debug|Any CPU.Build.0 = Debug|Any CPU
		{2B7A0948-87CC-45DB-A228-0568EC7E2AD5}.Release|Any CPU.ActiveCfg = Release|Any CPU
		{2B7A0948-87CC-45DB-A228-0568EC7E2AD5}.Release|Any CPU.Build.0 = Release|Any CPU
		{236D0026-94B3-4FD3-BC8C-5C34A79E0559}.Debug|Any CPU.ActiveCfg = Debug|Any CPU
		{236D0026-94B3-4FD3-BC8C-5C34A79E0559}.Debug|Any CPU.Build.0 = Debug|Any CPU
		{236D0026-94B3-4FD3-BC8C-5C34A79E0559}.Release|Any CPU.ActiveCfg = Release|Any CPU
		{236D0026-94B3-4FD3-BC8C-5C34A79E0559}.Release|Any CPU.Build.0 = Release|Any CPU
		{26B07A74-3BF3-405B-B125-70CE81817230}.Debug|Any CPU.ActiveCfg = Debug|Any CPU
		{26B07A74-3BF3-405B-B125-70CE81817230}.Debug|Any CPU.Build.0 = Debug|Any CPU
		{26B07A74-3BF3-405B-B125-70CE81817230}.Release|Any CPU.ActiveCfg = Release|Any CPU
		{26B07A74-3BF3-405B-B125-70CE81817230}.Release|Any CPU.Build.0 = Release|Any CPU
		{610168DA-9224-4860-8145-CB19BD70840F}.Debug|Any CPU.ActiveCfg = Debug|Any CPU
		{610168DA-9224-4860-8145-CB19BD70840F}.Debug|Any CPU.Build.0 = Debug|Any CPU
		{610168DA-9224-4860-8145-CB19BD70840F}.Release|Any CPU.ActiveCfg = Release|Any CPU
		{610168DA-9224-4860-8145-CB19BD70840F}.Release|Any CPU.Build.0 = Release|Any CPU
		{58111785-98F0-43AC-A956-7CDD2E52501D}.Debug|Any CPU.ActiveCfg = Debug|Any CPU
		{58111785-98F0-43AC-A956-7CDD2E52501D}.Debug|Any CPU.Build.0 = Debug|Any CPU
		{58111785-98F0-43AC-A956-7CDD2E52501D}.Release|Any CPU.ActiveCfg = Release|Any CPU
		{58111785-98F0-43AC-A956-7CDD2E52501D}.Release|Any CPU.Build.0 = Release|Any CPU
		{8BA8733F-828A-4322-B4B4-E6A85BBF342A}.Debug|Any CPU.ActiveCfg = Debug|Any CPU
		{8BA8733F-828A-4322-B4B4-E6A85BBF342A}.Debug|Any CPU.Build.0 = Debug|Any CPU
		{8BA8733F-828A-4322-B4B4-E6A85BBF342A}.Release|Any CPU.ActiveCfg = Release|Any CPU
		{8BA8733F-828A-4322-B4B4-E6A85BBF342A}.Release|Any CPU.Build.0 = Release|Any CPU
		{68A52B97-23E8-4089-A7E1-8740FDD75438}.Debug|Any CPU.ActiveCfg = Debug|Any CPU
		{68A52B97-23E8-4089-A7E1-8740FDD75438}.Debug|Any CPU.Build.0 = Debug|Any CPU
		{68A52B97-23E8-4089-A7E1-8740FDD75438}.Release|Any CPU.ActiveCfg = Release|Any CPU
		{68A52B97-23E8-4089-A7E1-8740FDD75438}.Release|Any CPU.Build.0 = Release|Any CPU
		{3208D064-8E8E-46A5-B67C-136A005D9C6D}.Debug|Any CPU.ActiveCfg = Debug|Any CPU
		{3208D064-8E8E-46A5-B67C-136A005D9C6D}.Debug|Any CPU.Build.0 = Debug|Any CPU
		{3208D064-8E8E-46A5-B67C-136A005D9C6D}.Release|Any CPU.ActiveCfg = Release|Any CPU
		{3208D064-8E8E-46A5-B67C-136A005D9C6D}.Release|Any CPU.Build.0 = Release|Any CPU
		{CD2C5253-B873-4AFE-91BA-DDAC68E225F1}.Debug|Any CPU.ActiveCfg = Debug|Any CPU
		{CD2C5253-B873-4AFE-91BA-DDAC68E225F1}.Debug|Any CPU.Build.0 = Debug|Any CPU
		{CD2C5253-B873-4AFE-91BA-DDAC68E225F1}.Release|Any CPU.ActiveCfg = Release|Any CPU
		{CD2C5253-B873-4AFE-91BA-DDAC68E225F1}.Release|Any CPU.Build.0 = Release|Any CPU
		{CE387490-B87A-423E-81D8-0313C29E3B1B}.Debug|Any CPU.ActiveCfg = Debug|Any CPU
		{CE387490-B87A-423E-81D8-0313C29E3B1B}.Debug|Any CPU.Build.0 = Debug|Any CPU
		{CE387490-B87A-423E-81D8-0313C29E3B1B}.Release|Any CPU.ActiveCfg = Release|Any CPU
		{CE387490-B87A-423E-81D8-0313C29E3B1B}.Release|Any CPU.Build.0 = Release|Any CPU
	EndGlobalSection
	GlobalSection(SolutionProperties) = preSolution
		HideSolutionNode = FALSE
	EndGlobalSection
	GlobalSection(NestedProjects) = preSolution
		{E40BEE92-9E3B-4C28-8D67-C7C8C3651B12} = {08A21FFA-B0FD-4A6F-8FB1-08A6EEE35486}
		{6C2E4BEA-EDC4-42F1-BA05-B7ECC0E1D02A} = {431C6152-A548-4B32-9AD0-41DE917A182A}
		{7F563A43-72E7-43E0-9A12-2FF847E817D1} = {12846F80-B1F1-4C24-A745-FC1108DACDBC}
		{55BF87AF-108B-4798-87F8-E50EC347201D} = {C162AE47-586F-409A-AE75-2B5EF6E5120F}
		{236D0026-94B3-4FD3-BC8C-5C34A79E0559} = {08A21FFA-B0FD-4A6F-8FB1-08A6EEE35486}
		{26B07A74-3BF3-405B-B125-70CE81817230} = {12846F80-B1F1-4C24-A745-FC1108DACDBC}
		{431C6152-A548-4B32-9AD0-41DE917A182A} = {C162AE47-586F-409A-AE75-2B5EF6E5120F}
		{08A21FFA-B0FD-4A6F-8FB1-08A6EEE35486} = {C162AE47-586F-409A-AE75-2B5EF6E5120F}
		{12846F80-B1F1-4C24-A745-FC1108DACDBC} = {C162AE47-586F-409A-AE75-2B5EF6E5120F}
		{578A4E33-520F-4E52-BFEA-48C5C069496A} = {C162AE47-586F-409A-AE75-2B5EF6E5120F}
		{610168DA-9224-4860-8145-CB19BD70840F} = {578A4E33-520F-4E52-BFEA-48C5C069496A}
		{58111785-98F0-43AC-A956-7CDD2E52501D} = {578A4E33-520F-4E52-BFEA-48C5C069496A}
		{8BA8733F-828A-4322-B4B4-E6A85BBF342A} = {578A4E33-520F-4E52-BFEA-48C5C069496A}
		{68A52B97-23E8-4089-A7E1-8740FDD75438} = {578A4E33-520F-4E52-BFEA-48C5C069496A}
		{3208D064-8E8E-46A5-B67C-136A005D9C6D} = {37DFAB08-A423-4F67-8AB1-5C5D8437CB32}
		{CD2C5253-B873-4AFE-91BA-DDAC68E225F1} = {431C6152-A548-4B32-9AD0-41DE917A182A}
		{CE387490-B87A-423E-81D8-0313C29E3B1B} = {A6467348-D1A7-4B8E-9817-C2C35EA2A21D}
	EndGlobalSection
	GlobalSection(ExtensibilityGlobals) = postSolution
		SolutionGuid = {0A80B3ED-C9FD-450F-BD76-3C26D0C2D397}
	EndGlobalSection
EndGlobal
